
Microsoft Visual Studio Solution File, Format Version 12.00
# Visual Studio Version 16
VisualStudioVersion = 16.0.30128.74
MinimumVisualStudioVersion = 10.0.40219.1
Project("{9A19103F-16F7-4668-BE54-9A1E7A4F7556}") = "MicroServicesDemo.Api.Products", "MicroServicesDemo.Api.Products\MicroServicesDemo.Api.Products.csproj", "{01E82D35-D943-4CA1-9B39-0716E0AEB916}"
EndProject
Project("{9A19103F-16F7-4668-BE54-9A1E7A4F7556}") = "MicroServicesDemo.Api.Customers", "MicroServicesDemo.Api.Customers\MicroServicesDemo.Api.Customers.csproj", "{17E77128-92A1-4ADC-880A-CF410D5376B1}"
EndProject
Project("{9A19103F-16F7-4668-BE54-9A1E7A4F7556}") = "MicroServicesDemo.Api.Orders", "MicroServicesDemo.Api.Orders\MicroServicesDemo.Api.Orders.csproj", "{4986829D-2EF2-4DED-9135-200A2DE57618}"
EndProject
Project("{FAE04EC0-301F-11D3-BF4B-00C04F79EFBC}") = "MicroServicesDemo.Api.Search", "MicroServicesDemo.Api.Search\MicroServicesDemo.Api.Search.csproj", "{C29305B6-6DD5-4CC3-A261-4672001B642D}"
EndProject
Project("{FAE04EC0-301F-11D3-BF4B-00C04F79EFBC}") = "MicroServicesDemo.Api.Products.Test", "MicroServicesDemo.Api.Products.Test\MicroServicesDemo.Api.Products.Test.csproj", "{92B64137-39C9-4BAF-80F3-1A9D8DE60618}"
EndProject
Global
	GlobalSection(SolutionConfigurationPlatforms) = preSolution
		Debug|Any CPU = Debug|Any CPU
		Release|Any CPU = Release|Any CPU
	EndGlobalSection
	GlobalSection(ProjectConfigurationPlatforms) = postSolution
		{01E82D35-D943-4CA1-9B39-0716E0AEB916}.Debug|Any CPU.ActiveCfg = Debug|Any CPU
		{01E82D35-D943-4CA1-9B39-0716E0AEB916}.Debug|Any CPU.Build.0 = Debug|Any CPU
		{01E82D35-D943-4CA1-9B39-0716E0AEB916}.Release|Any CPU.ActiveCfg = Release|Any CPU
		{01E82D35-D943-4CA1-9B39-0716E0AEB916}.Release|Any CPU.Build.0 = Release|Any CPU
		{17E77128-92A1-4ADC-880A-CF410D5376B1}.Debug|Any CPU.ActiveCfg = Debug|Any CPU
		{17E77128-92A1-4ADC-880A-CF410D5376B1}.Debug|Any CPU.Build.0 = Debug|Any CPU
		{17E77128-92A1-4ADC-880A-CF410D5376B1}.Release|Any CPU.ActiveCfg = Release|Any CPU
		{17E77128-92A1-4ADC-880A-CF410D5376B1}.Release|Any CPU.Build.0 = Release|Any CPU
		{4986829D-2EF2-4DED-9135-200A2DE57618}.Debug|Any CPU.ActiveCfg = Debug|Any CPU
		{4986829D-2EF2-4DED-9135-200A2DE57618}.Debug|Any CPU.Build.0 = Debug|Any CPU
		{4986829D-2EF2-4DED-9135-200A2DE57618}.Release|Any CPU.ActiveCfg = Release|Any CPU
		{4986829D-2EF2-4DED-9135-200A2DE57618}.Release|Any CPU.Build.0 = Release|Any CPU
		{C29305B6-6DD5-4CC3-A261-4672001B642D}.Debug|Any CPU.ActiveCfg = Debug|Any CPU
		{C29305B6-6DD5-4CC3-A261-4672001B642D}.Debug|Any CPU.Build.0 = Debug|Any CPU
		{C29305B6-6DD5-4CC3-A261-4672001B642D}.Release|Any CPU.ActiveCfg = Release|Any CPU
		{C29305B6-6DD5-4CC3-A261-4672001B642D}.Release|Any CPU.Build.0 = Release|Any CPU
		{92B64137-39C9-4BAF-80F3-1A9D8DE60618}.Debug|Any CPU.ActiveCfg = Debug|Any CPU
		{92B64137-39C9-4BAF-80F3-1A9D8DE60618}.Debug|Any CPU.Build.0 = Debug|Any CPU
		{92B64137-39C9-4BAF-80F3-1A9D8DE60618}.Release|Any CPU.ActiveCfg = Release|Any CPU
		{92B64137-39C9-4BAF-80F3-1A9D8DE60618}.Release|Any CPU.Build.0 = Release|Any CPU
	EndGlobalSection
	GlobalSection(SolutionProperties) = preSolution
		HideSolutionNode = FALSE
	EndGlobalSection
	GlobalSection(ExtensibilityGlobals) = postSolution
		SolutionGuid = {21325689-40EF-4D47-8C91-8DACE4532D8B}
	EndGlobalSection
EndGlobal
